
Microsoft Visual Studio Solution File, Format Version 12.00
Project("{FAE04EC0-301F-11D3-BF4B-00C04F79EFBC}") = "FileExplorer", "FileExplorer.csproj", "{D224908C-4EEA-42EE-A719-C52A893CB528}"
EndProject
Global
	GlobalSection(SolutionConfigurationPlatforms) = preSolution
		Debug|Any CPU = Debug|Any CPU
		Release|Any CPU = Release|Any CPU
	EndGlobalSection
	GlobalSection(ProjectConfigurationPlatforms) = postSolution
		{D224908C-4EEA-42EE-A719-C52A893CB528}.Debug|Any CPU.ActiveCfg = Debug|Any CPU
		{D224908C-4EEA-42EE-A719-C52A893CB528}.Debug|Any CPU.Build.0 = Debug|Any CPU
		{D224908C-4EEA-42EE-A719-C52A893CB528}.Release|Any CPU.ActiveCfg = Release|Any CPU
		{D224908C-4EEA-42EE-A719-C52A893CB528}.Release|Any CPU.Build.0 = Release|Any CPU
	EndGlobalSection
EndGlobal
